
Microsoft Visual Studio Solution File, Format Version 12.00
# Visual Studio Version 16
VisualStudioVersion = 16.0.30804.86
MinimumVisualStudioVersion = 10.0.40219.1
Project("{FAE04EC0-301F-11D3-BF4B-00C04F79EFBC}") = "Stopky.Android", "Stopky\Stopky.Android\Stopky.Android.csproj", "{214BED42-A1AB-4DD1-817A-9E72E1A4A202}"
EndProject
Project("{FAE04EC0-301F-11D3-BF4B-00C04F79EFBC}") = "Stopky", "Stopky\Stopky\Stopky.csproj", "{17D1991B-F83A-4455-9A4B-8E77192E707C}"
EndProject
Global
	GlobalSection(SolutionConfigurationPlatforms) = preSolution
		Debug|Any CPU = Debug|Any CPU
		Release|Any CPU = Release|Any CPU
	EndGlobalSection
	GlobalSection(ProjectConfigurationPlatforms) = postSolution
		{214BED42-A1AB-4DD1-817A-9E72E1A4A202}.Debug|Any CPU.ActiveCfg = Debug|Any CPU
		{214BED42-A1AB-4DD1-817A-9E72E1A4A202}.Debug|Any CPU.Build.0 = Debug|Any CPU
		{214BED42-A1AB-4DD1-817A-9E72E1A4A202}.Debug|Any CPU.Deploy.0 = Debug|Any CPU
		{214BED42-A1AB-4DD1-817A-9E72E1A4A202}.Release|Any CPU.ActiveCfg = Release|Any CPU
		{214BED42-A1AB-4DD1-817A-9E72E1A4A202}.Release|Any CPU.Build.0 = Release|Any CPU
		{214BED42-A1AB-4DD1-817A-9E72E1A4A202}.Release|Any CPU.Deploy.0 = Release|Any CPU
		{17D1991B-F83A-4455-9A4B-8E77192E707C}.Debug|Any CPU.ActiveCfg = Debug|Any CPU
		{17D1991B-F83A-4455-9A4B-8E77192E707C}.Debug|Any CPU.Build.0 = Debug|Any CPU
		{17D1991B-F83A-4455-9A4B-8E77192E707C}.Debug|Any CPU.Deploy.0 = Debug|Any CPU
		{17D1991B-F83A-4455-9A4B-8E77192E707C}.Release|Any CPU.ActiveCfg = Release|Any CPU
		{17D1991B-F83A-4455-9A4B-8E77192E707C}.Release|Any CPU.Build.0 = Release|Any CPU
		{17D1991B-F83A-4455-9A4B-8E77192E707C}.Release|Any CPU.Deploy.0 = Release|Any CPU
	EndGlobalSection
	GlobalSection(SolutionProperties) = preSolution
		HideSolutionNode = FALSE
	EndGlobalSection
	GlobalSection(ExtensibilityGlobals) = postSolution
		SolutionGuid = {A38FBECD-0F3C-4F70-86FA-5F6CD89C633B}
	EndGlobalSection
EndGlobal
